
Microsoft Visual Studio Solution File, Format Version 12.00
# Visual Studio Version 16
VisualStudioVersion = 16.0.31515.178
MinimumVisualStudioVersion = 10.0.40219.1
Project("{FAE04EC0-301F-11D3-BF4B-00C04F79EFBC}") = "Ticari_Otomasyon", "Ticari_Otomasyon.csproj", "{98D029F0-0E15-402E-B0FF-87E24CEF0800}"
EndProject
Global
	GlobalSection(SolutionConfigurationPlatforms) = preSolution
		Debug|Any CPU = Debug|Any CPU
		Release|Any CPU = Release|Any CPU
	EndGlobalSection
	GlobalSection(ProjectConfigurationPlatforms) = postSolution
		{98D029F0-0E15-402E-B0FF-87E24CEF0800}.Debug|Any CPU.ActiveCfg = Debug|Any CPU
		{98D029F0-0E15-402E-B0FF-87E24CEF0800}.Debug|Any CPU.Build.0 = Debug|Any CPU
		{98D029F0-0E15-402E-B0FF-87E24CEF0800}.Release|Any CPU.ActiveCfg = Release|Any CPU
		{98D029F0-0E15-402E-B0FF-87E24CEF0800}.Release|Any CPU.Build.0 = Release|Any CPU
	EndGlobalSection
	GlobalSection(SolutionProperties) = preSolution
		HideSolutionNode = FALSE
	EndGlobalSection
	GlobalSection(ExtensibilityGlobals) = postSolution
		SolutionGuid = {1C868AC0-ECC9-4B01-B3C6-29560707801D}
	EndGlobalSection
EndGlobal
